// !$*UTF8*$!
{
	archiveVersion = 1;
	classes = {
	};
	objectVersion = 46;
	objects = {

/* Begin PBXBuildFile section */
		7047F0E81CC93EE4005C3EEE /* AppDelegate.swift in Sources */ = {isa = PBXBuildFile; fileRef = 7047F0E71CC93EE4005C3EEE /* AppDelegate.swift */; };
		7047F0ED1CC93EE4005C3EEE /* Main.storyboard in Resources */ = {isa = PBXBuildFile; fileRef = 7047F0EB1CC93EE4005C3EEE /* Main.storyboard */; };
		7047F0EF1CC93EE4005C3EEE /* Assets.xcassets in Resources */ = {isa = PBXBuildFile; fileRef = 7047F0EE1CC93EE4005C3EEE /* Assets.xcassets */; };
		7047F0F21CC93EE4005C3EEE /* LaunchScreen.storyboard in Resources */ = {isa = PBXBuildFile; fileRef = 7047F0F01CC93EE4005C3EEE /* LaunchScreen.storyboard */; };
		7047F0FD1CC93EE4005C3EEE /* BattlePrepTests.swift in Sources */ = {isa = PBXBuildFile; fileRef = 7047F0FC1CC93EE4005C3EEE /* BattlePrepTests.swift */; };
		7047F1081CC93EE4005C3EEE /* BattlePrepUITests.swift in Sources */ = {isa = PBXBuildFile; fileRef = 7047F1071CC93EE4005C3EEE /* BattlePrepUITests.swift */; };
		7047F1191CC93F62005C3EEE /* LoginVC.swift in Sources */ = {isa = PBXBuildFile; fileRef = 7047F1181CC93F62005C3EEE /* LoginVC.swift */; };
		7047F11B1CC94636005C3EEE /* NewAccountVC.swift in Sources */ = {isa = PBXBuildFile; fileRef = 7047F11A1CC94636005C3EEE /* NewAccountVC.swift */; };
		7047F11F1CC94827005C3EEE /* Constants.swift in Sources */ = {isa = PBXBuildFile; fileRef = 7047F11E1CC94827005C3EEE /* Constants.swift */; };
		7047F1211CC94AA6005C3EEE /* MaterialTextField.swift in Sources */ = {isa = PBXBuildFile; fileRef = 7047F1201CC94AA6005C3EEE /* MaterialTextField.swift */; };
		7047F1231CCA6CD9005C3EEE /* MaterialButton.swift in Sources */ = {isa = PBXBuildFile; fileRef = 7047F1221CCA6CD9005C3EEE /* MaterialButton.swift */; };
		7047F1281CCA7330005C3EEE /* FirebaseClient.swift in Sources */ = {isa = PBXBuildFile; fileRef = 7047F1271CCA7330005C3EEE /* FirebaseClient.swift */; };
		7047F12A1CCBCBAA005C3EEE /* GCDBlackBox.swift in Sources */ = {isa = PBXBuildFile; fileRef = 7047F1291CCBCBAA005C3EEE /* GCDBlackBox.swift */; };
		7047F12D1CCBCEC2005C3EEE /* FBSDKCoreKit.framework in Frameworks */ = {isa = PBXBuildFile; fileRef = 7047F12C1CCBCEC2005C3EEE /* FBSDKCoreKit.framework */; };
		7047F1301CCBCEE8005C3EEE /* FBSDKLoginKit.framework in Frameworks */ = {isa = PBXBuildFile; fileRef = 7047F12E1CCBCEE8005C3EEE /* FBSDKLoginKit.framework */; };
		7047F1311CCBCEE8005C3EEE /* FBSDKShareKit.framework in Frameworks */ = {isa = PBXBuildFile; fileRef = 7047F12F1CCBCEE8005C3EEE /* FBSDKShareKit.framework */; };
		7047F1381CCBE269005C3EEE /* Model.xcdatamodeld in Sources */ = {isa = PBXBuildFile; fileRef = 7047F1361CCBE269005C3EEE /* Model.xcdatamodeld */; };
		7047F13A1CCBE3B8005C3EEE /* Workout.swift in Sources */ = {isa = PBXBuildFile; fileRef = 7047F1391CCBE3B8005C3EEE /* Workout.swift */; };
		7047F13C1CCBE3FC005C3EEE /* User.swift in Sources */ = {isa = PBXBuildFile; fileRef = 7047F13B1CCBE3FC005C3EEE /* User.swift */; };
		7047F13E1CCBE418005C3EEE /* Exercise.swift in Sources */ = {isa = PBXBuildFile; fileRef = 7047F13D1CCBE418005C3EEE /* Exercise.swift */; };
		7047F1401CCBE79E005C3EEE /* CoreDataStackManager.swift in Sources */ = {isa = PBXBuildFile; fileRef = 7047F13F1CCBE79E005C3EEE /* CoreDataStackManager.swift */; };
		7047F1421CCD225B005C3EEE /* WorkoutsTableVC.swift in Sources */ = {isa = PBXBuildFile; fileRef = 7047F1411CCD225B005C3EEE /* WorkoutsTableVC.swift */; };
		7047F1441CCD2681005C3EEE /* WorkoutCell.swift in Sources */ = {isa = PBXBuildFile; fileRef = 7047F1431CCD2681005C3EEE /* WorkoutCell.swift */; };
		7047F1461CCD3A02005C3EEE /* EditWorkoutVC.swift in Sources */ = {isa = PBXBuildFile; fileRef = 7047F1451CCD3A02005C3EEE /* EditWorkoutVC.swift */; };
		706A13131CCDCE9B00B7ED4C /* EditExerciseVC.swift in Sources */ = {isa = PBXBuildFile; fileRef = 706A13121CCDCE9B00B7ED4C /* EditExerciseVC.swift */; };
		706A13151CCE7BE400B7ED4C /* ExerciseCell.swift in Sources */ = {isa = PBXBuildFile; fileRef = 706A13141CCE7BE400B7ED4C /* ExerciseCell.swift */; };
		706A13171CCE96C600B7ED4C /* BeginWorkoutVC.swift in Sources */ = {isa = PBXBuildFile; fileRef = 706A13161CCE96C600B7ED4C /* BeginWorkoutVC.swift */; };
		706A13191CCEBB2B00B7ED4C /* PieChartVC.swift in Sources */ = {isa = PBXBuildFile; fileRef = 706A13181CCEBB2B00B7ED4C /* PieChartVC.swift */; };
		706A131D1CCEEBDF00B7ED4C /* BarChartVC.swift in Sources */ = {isa = PBXBuildFile; fileRef = 706A131C1CCEEBDF00B7ED4C /* BarChartVC.swift */; };
		706A131F1CD11CB200B7ED4C /* NewWorkoutVC.swift in Sources */ = {isa = PBXBuildFile; fileRef = 706A131E1CD11CB200B7ED4C /* NewWorkoutVC.swift */; };
		D7C49D7E51D73C2B5D7C68D8 /* Pods_BattlePrep.framework in Frameworks */ = {isa = PBXBuildFile; fileRef = 03B1CD10CC47117F129F5711 /* Pods_BattlePrep.framework */; };
/* End PBXBuildFile section */

/* Begin PBXContainerItemProxy section */
		7047F0F91CC93EE4005C3EEE /* PBXContainerItemProxy */ = {
			isa = PBXContainerItemProxy;
			containerPortal = 7047F0DC1CC93EE4005C3EEE /* Project object */;
			proxyType = 1;
			remoteGlobalIDString = 7047F0E31CC93EE4005C3EEE;
			remoteInfo = BattlePrep;
		};
		7047F1041CC93EE4005C3EEE /* PBXContainerItemProxy */ = {
			isa = PBXContainerItemProxy;
			containerPortal = 7047F0DC1CC93EE4005C3EEE /* Project object */;
			proxyType = 1;
			remoteGlobalIDString = 7047F0E31CC93EE4005C3EEE;
			remoteInfo = BattlePrep;
		};
/* End PBXContainerItemProxy section */

/* Begin PBXFileReference section */
		03B1CD10CC47117F129F5711 /* Pods_BattlePrep.framework */ = {isa = PBXFileReference; explicitFileType = wrapper.framework; includeInIndex = 0; path = Pods_BattlePrep.framework; sourceTree = BUILT_PRODUCTS_DIR; };
		3D6391039CB9F6ACB289046B /* Pods-BattlePrep.release.xcconfig */ = {isa = PBXFileReference; includeInIndex = 1; lastKnownFileType = text.xcconfig; name = "Pods-BattlePrep.release.xcconfig"; path = "Pods/Target Support Files/Pods-BattlePrep/Pods-BattlePrep.release.xcconfig"; sourceTree = "<group>"; };
		45B42D8BAA5C67A5C0ED1042 /* Pods-BattlePrep.debug.xcconfig */ = {isa = PBXFileReference; includeInIndex = 1; lastKnownFileType = text.xcconfig; name = "Pods-BattlePrep.debug.xcconfig"; path = "Pods/Target Support Files/Pods-BattlePrep/Pods-BattlePrep.debug.xcconfig"; sourceTree = "<group>"; };
		7047F0E41CC93EE4005C3EEE /* BattlePrep.app */ = {isa = PBXFileReference; explicitFileType = wrapper.application; includeInIndex = 0; path = BattlePrep.app; sourceTree = BUILT_PRODUCTS_DIR; };
		7047F0E71CC93EE4005C3EEE /* AppDelegate.swift */ = {isa = PBXFileReference; lastKnownFileType = sourcecode.swift; path = AppDelegate.swift; sourceTree = "<group>"; };
		7047F0EC1CC93EE4005C3EEE /* Base */ = {isa = PBXFileReference; lastKnownFileType = file.storyboard; name = Base; path = Base.lproj/Main.storyboard; sourceTree = "<group>"; };
		7047F0EE1CC93EE4005C3EEE /* Assets.xcassets */ = {isa = PBXFileReference; lastKnownFileType = folder.assetcatalog; path = Assets.xcassets; sourceTree = "<group>"; };
		7047F0F11CC93EE4005C3EEE /* Base */ = {isa = PBXFileReference; lastKnownFileType = file.storyboard; name = Base; path = Base.lproj/LaunchScreen.storyboard; sourceTree = "<group>"; };
		7047F0F31CC93EE4005C3EEE /* Info.plist */ = {isa = PBXFileReference; lastKnownFileType = text.plist.xml; path = Info.plist; sourceTree = "<group>"; };
		7047F0F81CC93EE4005C3EEE /* BattlePrepTests.xctest */ = {isa = PBXFileReference; explicitFileType = wrapper.cfbundle; includeInIndex = 0; path = BattlePrepTests.xctest; sourceTree = BUILT_PRODUCTS_DIR; };
		7047F0FC1CC93EE4005C3EEE /* BattlePrepTests.swift */ = {isa = PBXFileReference; lastKnownFileType = sourcecode.swift; path = BattlePrepTests.swift; sourceTree = "<group>"; };
		7047F0FE1CC93EE4005C3EEE /* Info.plist */ = {isa = PBXFileReference; lastKnownFileType = text.plist.xml; path = Info.plist; sourceTree = "<group>"; };
		7047F1031CC93EE4005C3EEE /* BattlePrepUITests.xctest */ = {isa = PBXFileReference; explicitFileType = wrapper.cfbundle; includeInIndex = 0; path = BattlePrepUITests.xctest; sourceTree = BUILT_PRODUCTS_DIR; };
		7047F1071CC93EE4005C3EEE /* BattlePrepUITests.swift */ = {isa = PBXFileReference; lastKnownFileType = sourcecode.swift; path = BattlePrepUITests.swift; sourceTree = "<group>"; };
		7047F1091CC93EE4005C3EEE /* Info.plist */ = {isa = PBXFileReference; lastKnownFileType = text.plist.xml; path = Info.plist; sourceTree = "<group>"; };
		7047F1181CC93F62005C3EEE /* LoginVC.swift */ = {isa = PBXFileReference; fileEncoding = 4; lastKnownFileType = sourcecode.swift; path = LoginVC.swift; sourceTree = "<group>"; };
		7047F11A1CC94636005C3EEE /* NewAccountVC.swift */ = {isa = PBXFileReference; fileEncoding = 4; lastKnownFileType = sourcecode.swift; path = NewAccountVC.swift; sourceTree = "<group>"; };
		7047F11E1CC94827005C3EEE /* Constants.swift */ = {isa = PBXFileReference; fileEncoding = 4; lastKnownFileType = sourcecode.swift; path = Constants.swift; sourceTree = "<group>"; };
		7047F1201CC94AA6005C3EEE /* MaterialTextField.swift */ = {isa = PBXFileReference; fileEncoding = 4; lastKnownFileType = sourcecode.swift; path = MaterialTextField.swift; sourceTree = "<group>"; };
		7047F1221CCA6CD9005C3EEE /* MaterialButton.swift */ = {isa = PBXFileReference; fileEncoding = 4; lastKnownFileType = sourcecode.swift; path = MaterialButton.swift; sourceTree = "<group>"; };
		7047F1271CCA7330005C3EEE /* FirebaseClient.swift */ = {isa = PBXFileReference; fileEncoding = 4; lastKnownFileType = sourcecode.swift; path = FirebaseClient.swift; sourceTree = "<group>"; };
		7047F1291CCBCBAA005C3EEE /* GCDBlackBox.swift */ = {isa = PBXFileReference; fileEncoding = 4; lastKnownFileType = sourcecode.swift; path = GCDBlackBox.swift; sourceTree = "<group>"; };
		7047F12C1CCBCEC2005C3EEE /* FBSDKCoreKit.framework */ = {isa = PBXFileReference; lastKnownFileType = wrapper.framework; path = FBSDKCoreKit.framework; sourceTree = "<group>"; };
		7047F12E1CCBCEE8005C3EEE /* FBSDKLoginKit.framework */ = {isa = PBXFileReference; lastKnownFileType = wrapper.framework; path = FBSDKLoginKit.framework; sourceTree = "<group>"; };
		7047F12F1CCBCEE8005C3EEE /* FBSDKShareKit.framework */ = {isa = PBXFileReference; lastKnownFileType = wrapper.framework; path = FBSDKShareKit.framework; sourceTree = "<group>"; };
		7047F1371CCBE269005C3EEE /* Model.xcdatamodel */ = {isa = PBXFileReference; lastKnownFileType = wrapper.xcdatamodel; path = Model.xcdatamodel; sourceTree = "<group>"; };
		7047F1391CCBE3B8005C3EEE /* Workout.swift */ = {isa = PBXFileReference; fileEncoding = 4; lastKnownFileType = sourcecode.swift; path = Workout.swift; sourceTree = "<group>"; };
		7047F13B1CCBE3FC005C3EEE /* User.swift */ = {isa = PBXFileReference; fileEncoding = 4; lastKnownFileType = sourcecode.swift; path = User.swift; sourceTree = "<group>"; };
		7047F13D1CCBE418005C3EEE /* Exercise.swift */ = {isa = PBXFileReference; fileEncoding = 4; lastKnownFileType = sourcecode.swift; path = Exercise.swift; sourceTree = "<group>"; };
		7047F13F1CCBE79E005C3EEE /* CoreDataStackManager.swift */ = {isa = PBXFileReference; fileEncoding = 4; lastKnownFileType = sourcecode.swift; path = CoreDataStackManager.swift; sourceTree = "<group>"; };
		7047F1411CCD225B005C3EEE /* WorkoutsTableVC.swift */ = {isa = PBXFileReference; fileEncoding = 4; lastKnownFileType = sourcecode.swift; path = WorkoutsTableVC.swift; sourceTree = "<group>"; };
		7047F1431CCD2681005C3EEE /* WorkoutCell.swift */ = {isa = PBXFileReference; fileEncoding = 4; lastKnownFileType = sourcecode.swift; path = WorkoutCell.swift; sourceTree = "<group>"; };
		7047F1451CCD3A02005C3EEE /* EditWorkoutVC.swift */ = {isa = PBXFileReference; fileEncoding = 4; lastKnownFileType = sourcecode.swift; path = EditWorkoutVC.swift; sourceTree = "<group>"; };
		706A13121CCDCE9B00B7ED4C /* EditExerciseVC.swift */ = {isa = PBXFileReference; fileEncoding = 4; lastKnownFileType = sourcecode.swift; path = EditExerciseVC.swift; sourceTree = "<group>"; };
		706A13141CCE7BE400B7ED4C /* ExerciseCell.swift */ = {isa = PBXFileReference; fileEncoding = 4; lastKnownFileType = sourcecode.swift; path = ExerciseCell.swift; sourceTree = "<group>"; };
		706A13161CCE96C600B7ED4C /* BeginWorkoutVC.swift */ = {isa = PBXFileReference; fileEncoding = 4; lastKnownFileType = sourcecode.swift; path = BeginWorkoutVC.swift; sourceTree = "<group>"; };
		706A13181CCEBB2B00B7ED4C /* PieChartVC.swift */ = {isa = PBXFileReference; fileEncoding = 4; lastKnownFileType = sourcecode.swift; path = PieChartVC.swift; sourceTree = "<group>"; };
		706A131C1CCEEBDF00B7ED4C /* BarChartVC.swift */ = {isa = PBXFileReference; fileEncoding = 4; lastKnownFileType = sourcecode.swift; path = BarChartVC.swift; sourceTree = "<group>"; };
		706A131E1CD11CB200B7ED4C /* NewWorkoutVC.swift */ = {isa = PBXFileReference; fileEncoding = 4; lastKnownFileType = sourcecode.swift; path = NewWorkoutVC.swift; sourceTree = "<group>"; };
/* End PBXFileReference section */

/* Begin PBXFrameworksBuildPhase section */
		7047F0E11CC93EE4005C3EEE /* Frameworks */ = {
			isa = PBXFrameworksBuildPhase;
			buildActionMask = 2147483647;
			files = (
				7047F1311CCBCEE8005C3EEE /* FBSDKShareKit.framework in Frameworks */,
				D7C49D7E51D73C2B5D7C68D8 /* Pods_BattlePrep.framework in Frameworks */,
				7047F12D1CCBCEC2005C3EEE /* FBSDKCoreKit.framework in Frameworks */,
				7047F1301CCBCEE8005C3EEE /* FBSDKLoginKit.framework in Frameworks */,
			);
			runOnlyForDeploymentPostprocessing = 0;
		};
		7047F0F51CC93EE4005C3EEE /* Frameworks */ = {
			isa = PBXFrameworksBuildPhase;
			buildActionMask = 2147483647;
			files = (
			);
			runOnlyForDeploymentPostprocessing = 0;
		};
		7047F1001CC93EE4005C3EEE /* Frameworks */ = {
			isa = PBXFrameworksBuildPhase;
			buildActionMask = 2147483647;
			files = (
			);
			runOnlyForDeploymentPostprocessing = 0;
		};
/* End PBXFrameworksBuildPhase section */

/* Begin PBXGroup section */
		7047F0DB1CC93EE4005C3EEE = {
			isa = PBXGroup;
			children = (
				7047F0E61CC93EE4005C3EEE /* BattlePrep */,
				7047F0FB1CC93EE4005C3EEE /* BattlePrepTests */,
				7047F1061CC93EE4005C3EEE /* BattlePrepUITests */,
				7047F0E51CC93EE4005C3EEE /* Products */,
				BBE85358F934F14C104DB5CE /* Pods */,
				7C7E4B646B334BE63AF16901 /* Frameworks */,
			);
			sourceTree = "<group>";
		};
		7047F0E51CC93EE4005C3EEE /* Products */ = {
			isa = PBXGroup;
			children = (
				7047F0E41CC93EE4005C3EEE /* BattlePrep.app */,
				7047F0F81CC93EE4005C3EEE /* BattlePrepTests.xctest */,
				7047F1031CC93EE4005C3EEE /* BattlePrepUITests.xctest */,
			);
			name = Products;
			sourceTree = "<group>";
		};
		7047F0E61CC93EE4005C3EEE /* BattlePrep */ = {
			isa = PBXGroup;
			children = (
				7047F12B1CCBCEAC005C3EEE /* Frameworks */,
				7047F1261CCA731A005C3EEE /* Services */,
				7047F11D1CC94816005C3EEE /* Util */,
				7047F1171CC93F4F005C3EEE /* Controller */,
				7047F1161CC93F49005C3EEE /* View */,
				7047F1151CC93F41005C3EEE /* Model */,
				7047F0E71CC93EE4005C3EEE /* AppDelegate.swift */,
				7047F0EB1CC93EE4005C3EEE /* Main.storyboard */,
				7047F0EE1CC93EE4005C3EEE /* Assets.xcassets */,
				7047F0F01CC93EE4005C3EEE /* LaunchScreen.storyboard */,
				7047F0F31CC93EE4005C3EEE /* Info.plist */,
			);
			path = BattlePrep;
			sourceTree = "<group>";
		};
		7047F0FB1CC93EE4005C3EEE /* BattlePrepTests */ = {
			isa = PBXGroup;
			children = (
				7047F0FC1CC93EE4005C3EEE /* BattlePrepTests.swift */,
				7047F0FE1CC93EE4005C3EEE /* Info.plist */,
			);
			path = BattlePrepTests;
			sourceTree = "<group>";
		};
		7047F1061CC93EE4005C3EEE /* BattlePrepUITests */ = {
			isa = PBXGroup;
			children = (
				7047F1071CC93EE4005C3EEE /* BattlePrepUITests.swift */,
				7047F1091CC93EE4005C3EEE /* Info.plist */,
			);
			path = BattlePrepUITests;
			sourceTree = "<group>";
		};
		7047F1151CC93F41005C3EEE /* Model */ = {
			isa = PBXGroup;
			children = (
				7047F1361CCBE269005C3EEE /* Model.xcdatamodeld */,
				7047F1391CCBE3B8005C3EEE /* Workout.swift */,
				7047F13B1CCBE3FC005C3EEE /* User.swift */,
				7047F13D1CCBE418005C3EEE /* Exercise.swift */,
				7047F13F1CCBE79E005C3EEE /* CoreDataStackManager.swift */,
			);
			name = Model;
			sourceTree = "<group>";
		};
		7047F1161CC93F49005C3EEE /* View */ = {
			isa = PBXGroup;
			children = (
				7047F1201CC94AA6005C3EEE /* MaterialTextField.swift */,
				7047F1221CCA6CD9005C3EEE /* MaterialButton.swift */,
				7047F1431CCD2681005C3EEE /* WorkoutCell.swift */,
				706A13141CCE7BE400B7ED4C /* ExerciseCell.swift */,
			);
			name = View;
			sourceTree = "<group>";
		};
		7047F1171CC93F4F005C3EEE /* Controller */ = {
			isa = PBXGroup;
			children = (
				7047F1181CC93F62005C3EEE /* LoginVC.swift */,
				7047F11A1CC94636005C3EEE /* NewAccountVC.swift */,
				7047F1411CCD225B005C3EEE /* WorkoutsTableVC.swift */,
				7047F1451CCD3A02005C3EEE /* EditWorkoutVC.swift */,
				706A13121CCDCE9B00B7ED4C /* EditExerciseVC.swift */,
				706A13161CCE96C600B7ED4C /* BeginWorkoutVC.swift */,
				706A13181CCEBB2B00B7ED4C /* PieChartVC.swift */,
				706A131C1CCEEBDF00B7ED4C /* BarChartVC.swift */,
				706A131E1CD11CB200B7ED4C /* NewWorkoutVC.swift */,
			);
			name = Controller;
			sourceTree = "<group>";
		};
		7047F11D1CC94816005C3EEE /* Util */ = {
			isa = PBXGroup;
			children = (
				7047F11E1CC94827005C3EEE /* Constants.swift */,
				7047F1291CCBCBAA005C3EEE /* GCDBlackBox.swift */,
			);
			name = Util;
			sourceTree = "<group>";
		};
		7047F1261CCA731A005C3EEE /* Services */ = {
			isa = PBXGroup;
			children = (
				7047F1271CCA7330005C3EEE /* FirebaseClient.swift */,
			);
			name = Services;
			sourceTree = "<group>";
		};
		7047F12B1CCBCEAC005C3EEE /* Frameworks */ = {
			isa = PBXGroup;
			children = (
				7047F12E1CCBCEE8005C3EEE /* FBSDKLoginKit.framework */,
				7047F12F1CCBCEE8005C3EEE /* FBSDKShareKit.framework */,
				7047F12C1CCBCEC2005C3EEE /* FBSDKCoreKit.framework */,
			);
			name = Frameworks;
			sourceTree = "<group>";
		};
		7C7E4B646B334BE63AF16901 /* Frameworks */ = {
			isa = PBXGroup;
			children = (
				03B1CD10CC47117F129F5711 /* Pods_BattlePrep.framework */,
			);
			name = Frameworks;
			sourceTree = "<group>";
		};
		BBE85358F934F14C104DB5CE /* Pods */ = {
			isa = PBXGroup;
			children = (
				45B42D8BAA5C67A5C0ED1042 /* Pods-BattlePrep.debug.xcconfig */,
				3D6391039CB9F6ACB289046B /* Pods-BattlePrep.release.xcconfig */,
			);
			name = Pods;
			sourceTree = "<group>";
		};
/* End PBXGroup section */

/* Begin PBXNativeTarget section */
		7047F0E31CC93EE4005C3EEE /* BattlePrep */ = {
			isa = PBXNativeTarget;
			buildConfigurationList = 7047F10C1CC93EE4005C3EEE /* Build configuration list for PBXNativeTarget "BattlePrep" */;
			buildPhases = (
				1E820F3043B02F648664EDED /* Check Pods Manifest.lock */,
				7047F0E01CC93EE4005C3EEE /* Sources */,
				7047F0E11CC93EE4005C3EEE /* Frameworks */,
				7047F0E21CC93EE4005C3EEE /* Resources */,
				0923F023FEA6321D14819F41 /* Embed Pods Frameworks */,
				FA7DC11789A89E14FDA5D5F1 /* Copy Pods Resources */,
			);
			buildRules = (
			);
			dependencies = (
			);
			name = BattlePrep;
			productName = BattlePrep;
			productReference = 7047F0E41CC93EE4005C3EEE /* BattlePrep.app */;
			productType = "com.apple.product-type.application";
		};
		7047F0F71CC93EE4005C3EEE /* BattlePrepTests */ = {
			isa = PBXNativeTarget;
			buildConfigurationList = 7047F10F1CC93EE4005C3EEE /* Build configuration list for PBXNativeTarget "BattlePrepTests" */;
			buildPhases = (
				7047F0F41CC93EE4005C3EEE /* Sources */,
				7047F0F51CC93EE4005C3EEE /* Frameworks */,
				7047F0F61CC93EE4005C3EEE /* Resources */,
			);
			buildRules = (
			);
			dependencies = (
				7047F0FA1CC93EE4005C3EEE /* PBXTargetDependency */,
			);
			name = BattlePrepTests;
			productName = BattlePrepTests;
			productReference = 7047F0F81CC93EE4005C3EEE /* BattlePrepTests.xctest */;
			productType = "com.apple.product-type.bundle.unit-test";
		};
		7047F1021CC93EE4005C3EEE /* BattlePrepUITests */ = {
			isa = PBXNativeTarget;
			buildConfigurationList = 7047F1121CC93EE4005C3EEE /* Build configuration list for PBXNativeTarget "BattlePrepUITests" */;
			buildPhases = (
				7047F0FF1CC93EE4005C3EEE /* Sources */,
				7047F1001CC93EE4005C3EEE /* Frameworks */,
				7047F1011CC93EE4005C3EEE /* Resources */,
			);
			buildRules = (
			);
			dependencies = (
				7047F1051CC93EE4005C3EEE /* PBXTargetDependency */,
			);
			name = BattlePrepUITests;
			productName = BattlePrepUITests;
			productReference = 7047F1031CC93EE4005C3EEE /* BattlePrepUITests.xctest */;
			productType = "com.apple.product-type.bundle.ui-testing";
		};
/* End PBXNativeTarget section */

/* Begin PBXProject section */
		7047F0DC1CC93EE4005C3EEE /* Project object */ = {
			isa = PBXProject;
			attributes = {
				LastSwiftUpdateCheck = 0730;
				LastUpgradeCheck = 0730;
				ORGANIZATIONNAME = MSquared;
				TargetAttributes = {
					7047F0E31CC93EE4005C3EEE = {
						CreatedOnToolsVersion = 7.3;
						DevelopmentTeam = 84P7DWA4EE;
					};
					7047F0F71CC93EE4005C3EEE = {
						CreatedOnToolsVersion = 7.3;
						DevelopmentTeam = 84P7DWA4EE;
						TestTargetID = 7047F0E31CC93EE4005C3EEE;
					};
					7047F1021CC93EE4005C3EEE = {
						CreatedOnToolsVersion = 7.3;
						DevelopmentTeam = 84P7DWA4EE;
						TestTargetID = 7047F0E31CC93EE4005C3EEE;
					};
				};
			};
			buildConfigurationList = 7047F0DF1CC93EE4005C3EEE /* Build configuration list for PBXProject "BattlePrep" */;
			compatibilityVersion = "Xcode 3.2";
			developmentRegion = English;
			hasScannedForEncodings = 0;
			knownRegions = (
				en,
				Base,
			);
			mainGroup = 7047F0DB1CC93EE4005C3EEE;
			productRefGroup = 7047F0E51CC93EE4005C3EEE /* Products */;
			projectDirPath = "";
			projectRoot = "";
			targets = (
				7047F0E31CC93EE4005C3EEE /* BattlePrep */,
				7047F0F71CC93EE4005C3EEE /* BattlePrepTests */,
				7047F1021CC93EE4005C3EEE /* BattlePrepUITests */,
			);
		};
/* End PBXProject section */

/* Begin PBXResourcesBuildPhase section */
		7047F0E21CC93EE4005C3EEE /* Resources */ = {
			isa = PBXResourcesBuildPhase;
			buildActionMask = 2147483647;
			files = (
				7047F0F21CC93EE4005C3EEE /* LaunchScreen.storyboard in Resources */,
				7047F0EF1CC93EE4005C3EEE /* Assets.xcassets in Resources */,
				7047F0ED1CC93EE4005C3EEE /* Main.storyboard in Resources */,
			);
			runOnlyForDeploymentPostprocessing = 0;
		};
		7047F0F61CC93EE4005C3EEE /* Resources */ = {
			isa = PBXResourcesBuildPhase;
			buildActionMask = 2147483647;
			files = (
			);
			runOnlyForDeploymentPostprocessing = 0;
		};
		7047F1011CC93EE4005C3EEE /* Resources */ = {
			isa = PBXResourcesBuildPhase;
			buildActionMask = 2147483647;
			files = (
			);
			runOnlyForDeploymentPostprocessing = 0;
		};
/* End PBXResourcesBuildPhase section */

/* Begin PBXShellScriptBuildPhase section */
		0923F023FEA6321D14819F41 /* Embed Pods Frameworks */ = {
			isa = PBXShellScriptBuildPhase;
			buildActionMask = 2147483647;
			files = (
			);
			inputPaths = (
			);
			name = "Embed Pods Frameworks";
			outputPaths = (
			);
			runOnlyForDeploymentPostprocessing = 0;
			shellPath = /bin/sh;
			shellScript = "\"${SRCROOT}/Pods/Target Support Files/Pods-BattlePrep/Pods-BattlePrep-frameworks.sh\"\n";
			showEnvVarsInLog = 0;
		};
		1E820F3043B02F648664EDED /* Check Pods Manifest.lock */ = {
			isa = PBXShellScriptBuildPhase;
			buildActionMask = 2147483647;
			files = (
			);
			inputPaths = (
			);
			name = "Check Pods Manifest.lock";
			outputPaths = (
			);
			runOnlyForDeploymentPostprocessing = 0;
			shellPath = /bin/sh;
			shellScript = "diff \"${PODS_ROOT}/../Podfile.lock\" \"${PODS_ROOT}/Manifest.lock\" > /dev/null\nif [[ $? != 0 ]] ; then\n    cat << EOM\nerror: The sandbox is not in sync with the Podfile.lock. Run 'pod install' or update your CocoaPods installation.\nEOM\n    exit 1\nfi\n";
			showEnvVarsInLog = 0;
		};
		FA7DC11789A89E14FDA5D5F1 /* Copy Pods Resources */ = {
			isa = PBXShellScriptBuildPhase;
			buildActionMask = 2147483647;
			files = (
			);
			inputPaths = (
			);
			name = "Copy Pods Resources";
			outputPaths = (
			);
			runOnlyForDeploymentPostprocessing = 0;
			shellPath = /bin/sh;
			shellScript = "\"${SRCROOT}/Pods/Target Support Files/Pods-BattlePrep/Pods-BattlePrep-resources.sh\"\n";
			showEnvVarsInLog = 0;
		};
/* End PBXShellScriptBuildPhase section */

/* Begin PBXSourcesBuildPhase section */
		7047F0E01CC93EE4005C3EEE /* Sources */ = {
			isa = PBXSourcesBuildPhase;
			buildActionMask = 2147483647;
			files = (
				706A13191CCEBB2B00B7ED4C /* PieChartVC.swift in Sources */,
				7047F1191CC93F62005C3EEE /* LoginVC.swift in Sources */,
				706A131D1CCEEBDF00B7ED4C /* BarChartVC.swift in Sources */,
				7047F0E81CC93EE4005C3EEE /* AppDelegate.swift in Sources */,
				7047F1401CCBE79E005C3EEE /* CoreDataStackManager.swift in Sources */,
				7047F1231CCA6CD9005C3EEE /* MaterialButton.swift in Sources */,
				7047F1211CC94AA6005C3EEE /* MaterialTextField.swift in Sources */,
				7047F11B1CC94636005C3EEE /* NewAccountVC.swift in Sources */,
				7047F1441CCD2681005C3EEE /* WorkoutCell.swift in Sources */,
				706A13171CCE96C600B7ED4C /* BeginWorkoutVC.swift in Sources */,
				706A13131CCDCE9B00B7ED4C /* EditExerciseVC.swift in Sources */,
				706A131F1CD11CB200B7ED4C /* NewWorkoutVC.swift in Sources */,
				7047F1421CCD225B005C3EEE /* WorkoutsTableVC.swift in Sources */,
				7047F13A1CCBE3B8005C3EEE /* Workout.swift in Sources */,
				7047F1461CCD3A02005C3EEE /* EditWorkoutVC.swift in Sources */,
				7047F11F1CC94827005C3EEE /* Constants.swift in Sources */,
				7047F13C1CCBE3FC005C3EEE /* User.swift in Sources */,
				7047F13E1CCBE418005C3EEE /* Exercise.swift in Sources */,
				7047F1381CCBE269005C3EEE /* Model.xcdatamodeld in Sources */,
				7047F12A1CCBCBAA005C3EEE /* GCDBlackBox.swift in Sources */,
				706A13151CCE7BE400B7ED4C /* ExerciseCell.swift in Sources */,
				7047F1281CCA7330005C3EEE /* FirebaseClient.swift in Sources */,
			);
			runOnlyForDeploymentPostprocessing = 0;
		};
		7047F0F41CC93EE4005C3EEE /* Sources */ = {
			isa = PBXSourcesBuildPhase;
			buildActionMask = 2147483647;
			files = (
				7047F0FD1CC93EE4005C3EEE /* BattlePrepTests.swift in Sources */,
			);
			runOnlyForDeploymentPostprocessing = 0;
		};
		7047F0FF1CC93EE4005C3EEE /* Sources */ = {
			isa = PBXSourcesBuildPhase;
			buildActionMask = 2147483647;
			files = (
				7047F1081CC93EE4005C3EEE /* BattlePrepUITests.swift in Sources */,
			);
			runOnlyForDeploymentPostprocessing = 0;
		};
/* End PBXSourcesBuildPhase section */

/* Begin PBXTargetDependency section */
		7047F0FA1CC93EE4005C3EEE /* PBXTargetDependency */ = {
			isa = PBXTargetDependency;
			target = 7047F0E31CC93EE4005C3EEE /* BattlePrep */;
			targetProxy = 7047F0F91CC93EE4005C3EEE /* PBXContainerItemProxy */;
		};
		7047F1051CC93EE4005C3EEE /* PBXTargetDependency */ = {
			isa = PBXTargetDependency;
			target = 7047F0E31CC93EE4005C3EEE /* BattlePrep */;
			targetProxy = 7047F1041CC93EE4005C3EEE /* PBXContainerItemProxy */;
		};
/* End PBXTargetDependency section */

/* Begin PBXVariantGroup section */
		7047F0EB1CC93EE4005C3EEE /* Main.storyboard */ = {
			isa = PBXVariantGroup;
			children = (
				7047F0EC1CC93EE4005C3EEE /* Base */,
			);
			name = Main.storyboard;
			sourceTree = "<group>";
		};
		7047F0F01CC93EE4005C3EEE /* LaunchScreen.storyboard */ = {
			isa = PBXVariantGroup;
			children = (
				7047F0F11CC93EE4005C3EEE /* Base */,
			);
			name = LaunchScreen.storyboard;
			sourceTree = "<group>";
		};
/* End PBXVariantGroup section */

/* Begin XCBuildConfiguration section */
		7047F10A1CC93EE4005C3EEE /* Debug */ = {
			isa = XCBuildConfiguration;
			buildSettings = {
				ALWAYS_SEARCH_USER_PATHS = NO;
				CLANG_ANALYZER_NONNULL = YES;
				CLANG_CXX_LANGUAGE_STANDARD = "gnu++0x";
				CLANG_CXX_LIBRARY = "libc++";
				CLANG_ENABLE_MODULES = YES;
				CLANG_ENABLE_OBJC_ARC = YES;
				CLANG_WARN_BOOL_CONVERSION = YES;
				CLANG_WARN_CONSTANT_CONVERSION = YES;
				CLANG_WARN_DIRECT_OBJC_ISA_USAGE = YES_ERROR;
				CLANG_WARN_EMPTY_BODY = YES;
				CLANG_WARN_ENUM_CONVERSION = YES;
				CLANG_WARN_INT_CONVERSION = YES;
				CLANG_WARN_OBJC_ROOT_CLASS = YES_ERROR;
				CLANG_WARN_UNREACHABLE_CODE = YES;
				CLANG_WARN__DUPLICATE_METHOD_MATCH = YES;
				"CODE_SIGN_IDENTITY[sdk=iphoneos*]" = "iPhone Developer";
				COPY_PHASE_STRIP = NO;
				DEBUG_INFORMATION_FORMAT = dwarf;
				ENABLE_STRICT_OBJC_MSGSEND = YES;
				ENABLE_TESTABILITY = YES;
				GCC_C_LANGUAGE_STANDARD = gnu99;
				GCC_DYNAMIC_NO_PIC = NO;
				GCC_NO_COMMON_BLOCKS = YES;
				GCC_OPTIMIZATION_LEVEL = 0;
				GCC_PREPROCESSOR_DEFINITIONS = (
					"DEBUG=1",
					"$(inherited)",
				);
				GCC_WARN_64_TO_32_BIT_CONVERSION = YES;
				GCC_WARN_ABOUT_RETURN_TYPE = YES_ERROR;
				GCC_WARN_UNDECLARED_SELECTOR = YES;
				GCC_WARN_UNINITIALIZED_AUTOS = YES_AGGRESSIVE;
				GCC_WARN_UNUSED_FUNCTION = YES;
				GCC_WARN_UNUSED_VARIABLE = YES;
				IPHONEOS_DEPLOYMENT_TARGET = 9.3;
				MTL_ENABLE_DEBUG_INFO = YES;
				ONLY_ACTIVE_ARCH = YES;
				SDKROOT = iphoneos;
				SWIFT_OPTIMIZATION_LEVEL = "-Onone";
			};
			name = Debug;
		};
		7047F10B1CC93EE4005C3EEE /* Release */ = {
			isa = XCBuildConfiguration;
			buildSettings = {
				ALWAYS_SEARCH_USER_PATHS = NO;
				CLANG_ANALYZER_NONNULL = YES;
				CLANG_CXX_LANGUAGE_STANDARD = "gnu++0x";
				CLANG_CXX_LIBRARY = "libc++";
				CLANG_ENABLE_MODULES = YES;
				CLANG_ENABLE_OBJC_ARC = YES;
				CLANG_WARN_BOOL_CONVERSION = YES;
				CLANG_WARN_CONSTANT_CONVERSION = YES;
				CLANG_WARN_DIRECT_OBJC_ISA_USAGE = YES_ERROR;
				CLANG_WARN_EMPTY_BODY = YES;
				CLANG_WARN_ENUM_CONVERSION = YES;
				CLANG_WARN_INT_CONVERSION = YES;
				CLANG_WARN_OBJC_ROOT_CLASS = YES_ERROR;
				CLANG_WARN_UNREACHABLE_CODE = YES;
				CLANG_WARN__DUPLICATE_METHOD_MATCH = YES;
				"CODE_SIGN_IDENTITY[sdk=iphoneos*]" = "iPhone Developer";
				COPY_PHASE_STRIP = NO;
				DEBUG_INFORMATION_FORMAT = "dwarf-with-dsym";
				ENABLE_NS_ASSERTIONS = NO;
				ENABLE_STRICT_OBJC_MSGSEND = YES;
				GCC_C_LANGUAGE_STANDARD = gnu99;
				GCC_NO_COMMON_BLOCKS = YES;
				GCC_WARN_64_TO_32_BIT_CONVERSION = YES;
				GCC_WARN_ABOUT_RETURN_TYPE = YES_ERROR;
				GCC_WARN_UNDECLARED_SELECTOR = YES;
				GCC_WARN_UNINITIALIZED_AUTOS = YES_AGGRESSIVE;
				GCC_WARN_UNUSED_FUNCTION = YES;
				GCC_WARN_UNUSED_VARIABLE = YES;
				IPHONEOS_DEPLOYMENT_TARGET = 9.3;
				MTL_ENABLE_DEBUG_INFO = NO;
				SDKROOT = iphoneos;
				VALIDATE_PRODUCT = YES;
			};
			name = Release;
		};
		7047F10D1CC93EE4005C3EEE /* Debug */ = {
			isa = XCBuildConfiguration;
			baseConfigurationReference = 45B42D8BAA5C67A5C0ED1042 /* Pods-BattlePrep.debug.xcconfig */;
			buildSettings = {
				ASSETCATALOG_COMPILER_APPICON_NAME = AppIcon;
				FRAMEWORK_SEARCH_PATHS = (
					"$(inherited)",
					"$(PROJECT_DIR)/BattlePrep",
				);
				INFOPLIST_FILE = BattlePrep/Info.plist;
				LD_RUNPATH_SEARCH_PATHS = "$(inherited) @executable_path/Frameworks";
				PRODUCT_BUNDLE_IDENTIFIER = com.msquared.BattlePrep;
				PRODUCT_NAME = "$(TARGET_NAME)";
			};
			name = Debug;
		};
		7047F10E1CC93EE4005C3EEE /* Release */ = {
			isa = XCBuildConfiguration;
			baseConfigurationReference = 3D6391039CB9F6ACB289046B /* Pods-BattlePrep.release.xcconfig */;
			buildSettings = {
				ASSETCATALOG_COMPILER_APPICON_NAME = AppIcon;
				FRAMEWORK_SEARCH_PATHS = (
					"$(inherited)",
					"$(PROJECT_DIR)/BattlePrep",
				);
				INFOPLIST_FILE = BattlePrep/Info.plist;
				LD_RUNPATH_SEARCH_PATHS = "$(inherited) @executable_path/Frameworks";
				PRODUCT_BUNDLE_IDENTIFIER = com.msquared.BattlePrep;
				PRODUCT_NAME = "$(TARGET_NAME)";
			};
			name = Release;
		};
		7047F1101CC93EE4005C3EEE /* Debug */ = {
			isa = XCBuildConfiguration;
			buildSettings = {
				BUNDLE_LOADER = "$(TEST_HOST)";
				INFOPLIST_FILE = BattlePrepTests/Info.plist;
				LD_RUNPATH_SEARCH_PATHS = "$(inherited) @executable_path/Frameworks @loader_path/Frameworks";
				PRODUCT_BUNDLE_IDENTIFIER = com.msquared.BattlePrepTests;
				PRODUCT_NAME = "$(TARGET_NAME)";
				TEST_HOST = "$(BUILT_PRODUCTS_DIR)/BattlePrep.app/BattlePrep";
			};
			name = Debug;
		};
		7047F1111CC93EE4005C3EEE /* Release */ = {
			isa = XCBuildConfiguration;
			buildSettings = {
				BUNDLE_LOADER = "$(TEST_HOST)";
				INFOPLIST_FILE = BattlePrepTests/Info.plist;
				LD_RUNPATH_SEARCH_PATHS = "$(inherited) @executable_path/Frameworks @loader_path/Frameworks";
				PRODUCT_BUNDLE_IDENTIFIER = com.msquared.BattlePrepTests;
				PRODUCT_NAME = "$(TARGET_NAME)";
				TEST_HOST = "$(BUILT_PRODUCTS_DIR)/BattlePrep.app/BattlePrep";
			};
			name = Release;
		};
		7047F1131CC93EE4005C3EEE /* Debug */ = {
			isa = XCBuildConfiguration;
			buildSettings = {
				INFOPLIST_FILE = BattlePrepUITests/Info.plist;
				LD_RUNPATH_SEARCH_PATHS = "$(inherited) @executable_path/Frameworks @loader_path/Frameworks";
				PRODUCT_BUNDLE_IDENTIFIER = com.msquared.BattlePrepUITests;
				PRODUCT_NAME = "$(TARGET_NAME)";
				TEST_TARGET_NAME = BattlePrep;
			};
			name = Debug;
		};
		7047F1141CC93EE4005C3EEE /* Release */ = {
			isa = XCBuildConfiguration;
			buildSettings = {
				INFOPLIST_FILE = BattlePrepUITests/Info.plist;
				LD_RUNPATH_SEARCH_PATHS = "$(inherited) @executable_path/Frameworks @loader_path/Frameworks";
				PRODUCT_BUNDLE_IDENTIFIER = com.msquared.BattlePrepUITests;
				PRODUCT_NAME = "$(TARGET_NAME)";
				TEST_TARGET_NAME = BattlePrep;
			};
			name = Release;
		};
/* End XCBuildConfiguration section */

/* Begin XCConfigurationList section */
		7047F0DF1CC93EE4005C3EEE /* Build configuration list for PBXProject "BattlePrep" */ = {
			isa = XCConfigurationList;
			buildConfigurations = (
				7047F10A1CC93EE4005C3EEE /* Debug */,
				7047F10B1CC93EE4005C3EEE /* Release */,
			);
			defaultConfigurationIsVisible = 0;
			defaultConfigurationName = Release;
		};
		7047F10C1CC93EE4005C3EEE /* Build configuration list for PBXNativeTarget "BattlePrep" */ = {
			isa = XCConfigurationList;
			buildConfigurations = (
				7047F10D1CC93EE4005C3EEE /* Debug */,
				7047F10E1CC93EE4005C3EEE /* Release */,
			);
			defaultConfigurationIsVisible = 0;
			defaultConfigurationName = Release;
		};
		7047F10F1CC93EE4005C3EEE /* Build configuration list for PBXNativeTarget "BattlePrepTests" */ = {
			isa = XCConfigurationList;
			buildConfigurations = (
				7047F1101CC93EE4005C3EEE /* Debug */,
				7047F1111CC93EE4005C3EEE /* Release */,
			);
			defaultConfigurationIsVisible = 0;
			defaultConfigurationName = Release;
		};
		7047F1121CC93EE4005C3EEE /* Build configuration list for PBXNativeTarget "BattlePrepUITests" */ = {
			isa = XCConfigurationList;
			buildConfigurations = (
				7047F1131CC93EE4005C3EEE /* Debug */,
				7047F1141CC93EE4005C3EEE /* Release */,
			);
			defaultConfigurationIsVisible = 0;
			defaultConfigurationName = Release;
		};
/* End XCConfigurationList section */

/* Begin XCVersionGroup section */
		7047F1361CCBE269005C3EEE /* Model.xcdatamodeld */ = {
			isa = XCVersionGroup;
			children = (
				7047F1371CCBE269005C3EEE /* Model.xcdatamodel */,
			);
			currentVersion = 7047F1371CCBE269005C3EEE /* Model.xcdatamodel */;
			path = Model.xcdatamodeld;
			sourceTree = "<group>";
			versionGroupType = wrapper.xcdatamodel;
		};
/* End XCVersionGroup section */
	};
	rootObject = 7047F0DC1CC93EE4005C3EEE /* Project object */;
}
